
Microsoft Visual Studio Solution File, Format Version 12.00
# Visual Studio Version 17
VisualStudioVersion = 17.9.34607.119
MinimumVisualStudioVersion = 10.0.40219.1
Project("{9A19103F-16F7-4668-BE54-9A1E7A4F7556}") = "GetTargetChoice", "GetTargetChoice\GetTargetChoice.csproj", "{A06F35CD-B68C-4055-B845-2280E4B041CC}"
EndProject
Global
	GlobalSection(SolutionConfigurationPlatforms) = preSolution
		Debug|Any CPU = Debug|Any CPU
		Release|Any CPU = Release|Any CPU
	EndGlobalSection
	GlobalSection(ProjectConfigurationPlatforms) = postSolution
		{A06F35CD-B68C-4055-B845-2280E4B041CC}.Debug|Any CPU.ActiveCfg = Debug|Any CPU
		{A06F35CD-B68C-4055-B845-2280E4B041CC}.Debug|Any CPU.Build.0 = Debug|Any CPU
		{A06F35CD-B68C-4055-B845-2280E4B041CC}.Release|Any CPU.ActiveCfg = Release|Any CPU
		{A06F35CD-B68C-4055-B845-2280E4B041CC}.Release|Any CPU.Build.0 = Release|Any CPU
	EndGlobalSection
	GlobalSection(SolutionProperties) = preSolution
		HideSolutionNode = FALSE
	EndGlobalSection
	GlobalSection(ExtensibilityGlobals) = postSolution
		SolutionGuid = {727EDA78-D43D-4D12-BCAB-66EC6F808079}
	EndGlobalSection
EndGlobal
